PODS:
  - ATLocationManager (0.0.1)

DEPENDENCIES:
  - ATLocationManager (from `../../../`)

EXTERNAL SOURCES:
  ATLocationManager:
    :path: "../../../"

SPEC CHECKSUMS:
  ATLocationManager: 2caaf8cf40da48f6a4628fde927f2bf33576e393

PODFILE CHECKSUM: 5713ca27bd7267aeec5cd4281135ee8a2d3dc3e9

COCOAPODS: 1.6.0
